// !$*UTF8*$!
{
	archiveVersion = 1;
	classes = {
	};
	objectVersion = 48;
	objects = {

/* Begin PBXBuildFile section */
		A30E1FB920D857BA00649491 /* ElevatorManager.swift in Sources */ = {isa = PBXBuildFile; fileRef = A30E1FB820D857BA00649491 /* ElevatorManager.swift */; };
		A31B84A920E2B8BC005C1B35 /* House.swift in Sources */ = {isa = PBXBuildFile; fileRef = A31B84A820E2B8BC005C1B35 /* House.swift */; };
		A31B84AB20E8E78F005C1B35 /* Cabin.swift in Sources */ = {isa = PBXBuildFile; fileRef = A31B84AA20E8E78F005C1B35 /* Cabin.swift */; };
		A31B84AD20E8E9CD005C1B35 /* Protocol - Calls.swift in Sources */ = {isa = PBXBuildFile; fileRef = A31B84AC20E8E9CD005C1B35 /* Protocol - Calls.swift */; };
		A379D9D320D82CE4001445E0 /* AppDelegate.swift in Sources */ = {isa = PBXBuildFile; fileRef = A379D9D220D82CE4001445E0 /* AppDelegate.swift */; };
		A379D9D520D82CE4001445E0 /* ViewController.swift in Sources */ = {isa = PBXBuildFile; fileRef = A379D9D420D82CE4001445E0 /* ViewController.swift */; };
		A379D9D820D82CE4001445E0 /* Main.storyboard in Resources */ = {isa = PBXBuildFile; fileRef = A379D9D620D82CE4001445E0 /* Main.storyboard */; };
		A379D9DA20D82CE4001445E0 /* Assets.xcassets in Resources */ = {isa = PBXBuildFile; fileRef = A379D9D920D82CE4001445E0 /* Assets.xcassets */; };
		A379D9DD20D82CE4001445E0 /* LaunchScreen.storyboard in Resources */ = {isa = PBXBuildFile; fileRef = A379D9DB20D82CE4001445E0 /* LaunchScreen.storyboard */; };
		A379D9E620D82D94001445E0 /* Passenger.swift in Sources */ = {isa = PBXBuildFile; fileRef = A379D9E520D82D94001445E0 /* Passenger.swift */; };
		A379D9E820D82DAD001445E0 /* Constants.swift in Sources */ = {isa = PBXBuildFile; fileRef = A379D9E720D82DAD001445E0 /* Constants.swift */; };
/* End PBXBuildFile section */

/* Begin PBXFileReference section */
		A30E1FB820D857BA00649491 /* ElevatorManager.swift */ = {isa = PBXFileReference; lastKnownFileType = sourcecode.swift; path = ElevatorManager.swift; sourceTree = "<group>"; };
		A31B84A820E2B8BC005C1B35 /* House.swift */ = {isa = PBXFileReference; lastKnownFileType = sourcecode.swift; path = House.swift; sourceTree = "<group>"; };
		A31B84AA20E8E78F005C1B35 /* Cabin.swift */ = {isa = PBXFileReference; lastKnownFileType = sourcecode.swift; path = Cabin.swift; sourceTree = "<group>"; };
		A31B84AC20E8E9CD005C1B35 /* Protocol - Calls.swift */ = {isa = PBXFileReference; lastKnownFileType = sourcecode.swift; path = "Protocol - Calls.swift"; sourceTree = "<group>"; };
		A379D9CF20D82CE4001445E0 /* Test Elevator 2.app */ = {isa = PBXFileReference; explicitFileType = wrapper.application; includeInIndex = 0; path = "Test Elevator 2.app"; sourceTree = BUILT_PRODUCTS_DIR; };
		A379D9D220D82CE4001445E0 /* AppDelegate.swift */ = {isa = PBXFileReference; lastKnownFileType = sourcecode.swift; path = AppDelegate.swift; sourceTree = "<group>"; };
		A379D9D420D82CE4001445E0 /* ViewController.swift */ = {isa = PBXFileReference; lastKnownFileType = sourcecode.swift; path = ViewController.swift; sourceTree = "<group>"; };
		A379D9D720D82CE4001445E0 /* Base */ = {isa = PBXFileReference; lastKnownFileType = file.storyboard; name = Base; path = Base.lproj/Main.storyboard; sourceTree = "<group>"; };
		A379D9D920D82CE4001445E0 /* Assets.xcassets */ = {isa = PBXFileReference; lastKnownFileType = folder.assetcatalog; path = Assets.xcassets; sourceTree = "<group>"; };
		A379D9DC20D82CE4001445E0 /* Base */ = {isa = PBXFileReference; lastKnownFileType = file.storyboard; name = Base; path = Base.lproj/LaunchScreen.storyboard; sourceTree = "<group>"; };
		A379D9DE20D82CE4001445E0 /* Info.plist */ = {isa = PBXFileReference; lastKnownFileType = text.plist.xml; path = Info.plist; sourceTree = "<group>"; };
		A379D9E520D82D94001445E0 /* Passenger.swift */ = {isa = PBXFileReference; lastKnownFileType = sourcecode.swift; path = Passenger.swift; sourceTree = "<group>"; };
		A379D9E720D82DAD001445E0 /* Constants.swift */ = {isa = PBXFileReference; lastKnownFileType = sourcecode.swift; path = Constants.swift; sourceTree = "<group>"; };
/* End PBXFileReference section */

/* Begin PBXFrameworksBuildPhase section */
		A379D9CC20D82CE4001445E0 /* Frameworks */ = {
			isa = PBXFrameworksBuildPhase;
			buildActionMask = 2147483647;
			files = (
			);
			runOnlyForDeploymentPostprocessing = 0;
		};
/* End PBXFrameworksBuildPhase section */

/* Begin PBXGroup section */
		A379D9C620D82CE4001445E0 = {
			isa = PBXGroup;
			children = (
				A379D9D120D82CE4001445E0 /* Test Elevator 2 */,
				A379D9D020D82CE4001445E0 /* Products */,
			);
			sourceTree = "<group>";
		};
		A379D9D020D82CE4001445E0 /* Products */ = {
			isa = PBXGroup;
			children = (
				A379D9CF20D82CE4001445E0 /* Test Elevator 2.app */,
			);
			name = Products;
			sourceTree = "<group>";
		};
		A379D9D120D82CE4001445E0 /* Test Elevator 2 */ = {
			isa = PBXGroup;
			children = (
				A379D9E420D82D05001445E0 /* Support */,
				A379D9D420D82CE4001445E0 /* ViewController.swift */,
				A379D9E720D82DAD001445E0 /* Constants.swift */,
				A379D9E520D82D94001445E0 /* Passenger.swift */,
				A31B84A820E2B8BC005C1B35 /* House.swift */,
				A30E1FB820D857BA00649491 /* ElevatorManager.swift */,
				A31B84AA20E8E78F005C1B35 /* Cabin.swift */,
				A379D9D620D82CE4001445E0 /* Main.storyboard */,
				A31B84AC20E8E9CD005C1B35 /* Protocol - Calls.swift */,
				A379D9DE20D82CE4001445E0 /* Info.plist */,
			);
			path = "Test Elevator 2";
			sourceTree = "<group>";
		};
		A379D9E420D82D05001445E0 /* Support */ = {
			isa = PBXGroup;
			children = (
				A379D9D220D82CE4001445E0 /* AppDelegate.swift */,
				A379D9D920D82CE4001445E0 /* Assets.xcassets */,
				A379D9DB20D82CE4001445E0 /* LaunchScreen.storyboard */,
			);
			path = Support;
			sourceTree = "<group>";
		};
/* End PBXGroup section */

/* Begin PBXNativeTarget section */
		A379D9CE20D82CE4001445E0 /* Test Elevator 2 */ = {
			isa = PBXNativeTarget;
			buildConfigurationList = A379D9E120D82CE4001445E0 /* Build configuration list for PBXNativeTarget "Test Elevator 2" */;
			buildPhases = (
				A379D9CB20D82CE4001445E0 /* Sources */,
				A379D9CC20D82CE4001445E0 /* Frameworks */,
				A379D9CD20D82CE4001445E0 /* Resources */,
			);
			buildRules = (
			);
			dependencies = (
			);
			name = "Test Elevator 2";
			productName = "Test Elevator 2";
			productReference = A379D9CF20D82CE4001445E0 /* Test Elevator 2.app */;
			productType = "com.apple.product-type.application";
		};
/* End PBXNativeTarget section */

/* Begin PBXProject section */
		A379D9C720D82CE4001445E0 /* Project object */ = {
			isa = PBXProject;
			attributes = {
				LastSwiftUpdateCheck = 0920;
				LastUpgradeCheck = 0920;
				ORGANIZATIONNAME = "Artem Klimov";
				TargetAttributes = {
					A379D9CE20D82CE4001445E0 = {
						CreatedOnToolsVersion = 9.2;
						ProvisioningStyle = Automatic;
					};
				};
			};
			buildConfigurationList = A379D9CA20D82CE4001445E0 /* Build configuration list for PBXProject "Test Elevator 2" */;
			compatibilityVersion = "Xcode 8.0";
			developmentRegion = en;
			hasScannedForEncodings = 0;
			knownRegions = (
				en,
				Base,
			);
			mainGroup = A379D9C620D82CE4001445E0;
			productRefGroup = A379D9D020D82CE4001445E0 /* Products */;
			projectDirPath = "";
			projectRoot = "";
			targets = (
				A379D9CE20D82CE4001445E0 /* Test Elevator 2 */,
			);
		};
/* End PBXProject section */

/* Begin PBXResourcesBuildPhase section */
		A379D9CD20D82CE4001445E0 /* Resources */ = {
			isa = PBXResourcesBuildPhase;
			buildActionMask = 2147483647;
			files = (
				A379D9DD20D82CE4001445E0 /* LaunchScreen.storyboard in Resources */,
				A379D9DA20D82CE4001445E0 /* Assets.xcassets in Resources */,
				A379D9D820D82CE4001445E0 /* Main.storyboard in Resources */,
			);
			runOnlyForDeploymentPostprocessing = 0;
		};
/* End PBXResourcesBuildPhase section */

/* Begin PBXSourcesBuildPhase section */
		A379D9CB20D82CE4001445E0 /* Sources */ = {
			isa = PBXSourcesBuildPhase;
			buildActionMask = 2147483647;
			files = (
				A379D9D520D82CE4001445E0 /* ViewController.swift in Sources */,
				A379D9D320D82CE4001445E0 /* AppDelegate.swift in Sources */,
				A379D9E620D82D94001445E0 /* Passenger.swift in Sources */,
				A379D9E820D82DAD001445E0 /* Constants.swift in Sources */,
				A31B84A920E2B8BC005C1B35 /* House.swift in Sources */,
				A31B84AD20E8E9CD005C1B35 /* Protocol - Calls.swift in Sources */,
				A30E1FB920D857BA00649491 /* ElevatorManager.swift in Sources */,
				A31B84AB20E8E78F005C1B35 /* Cabin.swift in Sources */,
			);
			runOnlyForDeploymentPostprocessing = 0;
		};
/* End PBXSourcesBuildPhase section */

/* Begin PBXVariantGroup section */
		A379D9D620D82CE4001445E0 /* Main.storyboard */ = {
			isa = PBXVariantGroup;
			children = (
				A379D9D720D82CE4001445E0 /* Base */,
			);
			name = Main.storyboard;
			sourceTree = "<group>";
		};
		A379D9DB20D82CE4001445E0 /* LaunchScreen.storyboard */ = {
			isa = PBXVariantGroup;
			children = (
				A379D9DC20D82CE4001445E0 /* Base */,
			);
			name = LaunchScreen.storyboard;
			sourceTree = "<group>";
		};
/* End PBXVariantGroup section */

/* Begin XCBuildConfiguration section */
		A379D9DF20D82CE4001445E0 /* Debug */ = {
			isa = XCBuildConfiguration;
			buildSettings = {
				ALWAYS_SEARCH_USER_PATHS = NO;
				CLANG_ANALYZER_NONNULL = YES;
				CLANG_ANALYZER_NUMBER_OBJECT_CONVERSION = YES_AGGRESSIVE;
				CLANG_CXX_LANGUAGE_STANDARD = "gnu++14";
				CLANG_CXX_LIBRARY = "libc++";
				CLANG_ENABLE_MODULES = YES;
				CLANG_ENABLE_OBJC_ARC = YES;
				CLANG_WARN_BLOCK_CAPTURE_AUTORELEASING = YES;
				CLANG_WARN_BOOL_CONVERSION = YES;
				CLANG_WARN_COMMA = YES;
				CLANG_WARN_CONSTANT_CONVERSION = YES;
				CLANG_WARN_DIRECT_OBJC_ISA_USAGE = YES_ERROR;
				CLANG_WARN_DOCUMENTATION_COMMENTS = YES;
				CLANG_WARN_EMPTY_BODY = YES;
				CLANG_WARN_ENUM_CONVERSION = YES;
				CLANG_WARN_INFINITE_RECURSION = YES;
				CLANG_WARN_INT_CONVERSION = YES;
				CLANG_WARN_NON_LITERAL_NULL_CONVERSION = YES;
				CLANG_WARN_OBJC_LITERAL_CONVERSION = YES;
				CLANG_WARN_OBJC_ROOT_CLASS = YES_ERROR;
				CLANG_WARN_RANGE_LOOP_ANALYSIS = YES;
				CLANG_WARN_STRICT_PROTOTYPES = YES;
				CLANG_WARN_SUSPICIOUS_MOVE = YES;
				CLANG_WARN_UNGUARDED_AVAILABILITY = YES_AGGRESSIVE;
				CLANG_WARN_UNREACHABLE_CODE = YES;
				CLANG_WARN__DUPLICATE_METHOD_MATCH = YES;
				CODE_SIGN_IDENTITY = "iPhone Developer";
				COPY_PHASE_STRIP = NO;
				DEBUG_INFORMATION_FORMAT = dwarf;
				ENABLE_STRICT_OBJC_MSGSEND = YES;
				ENABLE_TESTABILITY = YES;
				GCC_C_LANGUAGE_STANDARD = gnu11;
				GCC_DYNAMIC_NO_PIC = NO;
				GCC_NO_COMMON_BLOCKS = YES;
				GCC_OPTIMIZATION_LEVEL = 0;
				GCC_PREPROCESSOR_DEFINITIONS = (
					"DEBUG=1",
					"$(inherited)",
				);
				GCC_WARN_64_TO_32_BIT_CONVERSION = YES;
				GCC_WARN_ABOUT_RETURN_TYPE = YES_ERROR;
				GCC_WARN_UNDECLARED_SELECTOR = YES;
				GCC_WARN_UNINITIALIZED_AUTOS = YES_AGGRESSIVE;
				GCC_WARN_UNUSED_FUNCTION = YES;
				GCC_WARN_UNUSED_VARIABLE = YES;
				IPHONEOS_DEPLOYMENT_TARGET = 11.2;
				MTL_ENABLE_DEBUG_INFO = YES;
				ONLY_ACTIVE_ARCH = YES;
				SDKROOT = iphoneos;
				SWIFT_ACTIVE_COMPILATION_CONDITIONS = DEBUG;
				SWIFT_OPTIMIZATION_LEVEL = "-Onone";
			};
			name = Debug;
		};
		A379D9E020D82CE4001445E0 /* Release */ = {
			isa = XCBuildConfiguration;
			buildSettings = {
				ALWAYS_SEARCH_USER_PATHS = NO;
				CLANG_ANALYZER_NONNULL = YES;
				CLANG_ANALYZER_NUMBER_OBJECT_CONVERSION = YES_AGGRESSIVE;
				CLANG_CXX_LANGUAGE_STANDARD = "gnu++14";
				CLANG_CXX_LIBRARY = "libc++";
				CLANG_ENABLE_MODULES = YES;
				CLANG_ENABLE_OBJC_ARC = YES;
				CLANG_WARN_BLOCK_CAPTURE_AUTORELEASING = YES;
				CLANG_WARN_BOOL_CONVERSION = YES;
				CLANG_WARN_COMMA = YES;
				CLANG_WARN_CONSTANT_CONVERSION = YES;
				CLANG_WARN_DIRECT_OBJC_ISA_USAGE = YES_ERROR;
				CLANG_WARN_DOCUMENTATION_COMMENTS = YES;
				CLANG_WARN_EMPTY_BODY = YES;
				CLANG_WARN_ENUM_CONVERSION = YES;
				CLANG_WARN_INFINITE_RECURSION = YES;
				CLANG_WARN_INT_CONVERSION = YES;
				CLANG_WARN_NON_LITERAL_NULL_CONVERSION = YES;
				CLANG_WARN_OBJC_LITERAL_CONVERSION = YES;
				CLANG_WARN_OBJC_ROOT_CLASS = YES_ERROR;
				CLANG_WARN_RANGE_LOOP_ANALYSIS = YES;
				CLANG_WARN_STRICT_PROTOTYPES = YES;
				CLANG_WARN_SUSPICIOUS_MOVE = YES;
				CLANG_WARN_UNGUARDED_AVAILABILITY = YES_AGGRESSIVE;
				CLANG_WARN_UNREACHABLE_CODE = YES;
				CLANG_WARN__DUPLICATE_METHOD_MATCH = YES;
				CODE_SIGN_IDENTITY = "iPhone Developer";
				COPY_PHASE_STRIP = NO;
				DEBUG_INFORMATION_FORMAT = "dwarf-with-dsym";
				ENABLE_NS_ASSERTIONS = NO;
				ENABLE_STRICT_OBJC_MSGSEND = YES;
				GCC_C_LANGUAGE_STANDARD = gnu11;
				GCC_NO_COMMON_BLOCKS = YES;
				GCC_WARN_64_TO_32_BIT_CONVERSION = YES;
				GCC_WARN_ABOUT_RETURN_TYPE = YES_ERROR;
				GCC_WARN_UNDECLARED_SELECTOR = YES;
				GCC_WARN_UNINITIALIZED_AUTOS = YES_AGGRESSIVE;
				GCC_WARN_UNUSED_FUNCTION = YES;
				GCC_WARN_UNUSED_VARIABLE = YES;
				IPHONEOS_DEPLOYMENT_TARGET = 11.2;
				MTL_ENABLE_DEBUG_INFO = NO;
				SDKROOT = iphoneos;
				SWIFT_OPTIMIZATION_LEVEL = "-Owholemodule";
				VALIDATE_PRODUCT = YES;
			};
			name = Release;
		};
		A379D9E220D82CE4001445E0 /* Debug */ = {
			isa = XCBuildConfiguration;
			buildSettings = {
				ASSETCATALOG_COMPILER_APPICON_NAME = AppIcon;
				CODE_SIGN_STYLE = Automatic;
				DEVELOPMENT_TEAM = 2B3H5V7DAM;
				INFOPLIST_FILE = "Test Elevator 2/Info.plist";
				IPHONEOS_DEPLOYMENT_TARGET = 10.3;
				LD_RUNPATH_SEARCH_PATHS = "$(inherited) @executable_path/Frameworks";
				PRODUCT_BUNDLE_IDENTIFIER = "com.artem.klimov.Test-Elevator-2";
				PRODUCT_NAME = "$(TARGET_NAME)";
				SWIFT_VERSION = 4.0;
				TARGETED_DEVICE_FAMILY = "1,2";
			};
			name = Debug;
		};
		A379D9E320D82CE4001445E0 /* Release */ = {
			isa = XCBuildConfiguration;
			buildSettings = {
				ASSETCATALOG_COMPILER_APPICON_NAME = AppIcon;
				CODE_SIGN_STYLE = Automatic;
				DEVELOPMENT_TEAM = 2B3H5V7DAM;
				INFOPLIST_FILE = "Test Elevator 2/Info.plist";
				IPHONEOS_DEPLOYMENT_TARGET = 10.3;
				LD_RUNPATH_SEARCH_PATHS = "$(inherited) @executable_path/Frameworks";
				PRODUCT_BUNDLE_IDENTIFIER = "com.artem.klimov.Test-Elevator-2";
				PRODUCT_NAME = "$(TARGET_NAME)";
				SWIFT_VERSION = 4.0;
				TARGETED_DEVICE_FAMILY = "1,2";
			};
			name = Release;
		};
/* End XCBuildConfiguration section */

/* Begin XCConfigurationList section */
		A379D9CA20D82CE4001445E0 /* Build configuration list for PBXProject "Test Elevator 2" */ = {
			isa = XCConfigurationList;
			buildConfigurations = (
				A379D9DF20D82CE4001445E0 /* Debug */,
				A379D9E020D82CE4001445E0 /* Release */,
			);
			defaultConfigurationIsVisible = 0;
			defaultConfigurationName = Release;
		};
		A379D9E120D82CE4001445E0 /* Build configuration list for PBXNativeTarget "Test Elevator 2" */ = {
			isa = XCConfigurationList;
			buildConfigurations = (
				A379D9E220D82CE4001445E0 /* Debug */,
				A379D9E320D82CE4001445E0 /* Release */,
			);
			defaultConfigurationIsVisible = 0;
			defaultConfigurationName = Release;
		};
/* End XCConfigurationList section */
	};
	rootObject = A379D9C720D82CE4001445E0 /* Project object */;
}
